
Microsoft Visual Studio Solution File, Format Version 12.00
# Visual Studio Version 17
VisualStudioVersion = 17.9.34526.213
MinimumVisualStudioVersion = 10.0.40219.1
Project("{FAE04EC0-301F-11D3-BF4B-00C04F79EFBC}") = "Product_CRUD_Web_API", "Product_CRUD_Web_API.csproj", "{75821706-CDF5-4A51-9031-C30496FC98D8}"
EndProject
Global
	GlobalSection(SolutionConfigurationPlatforms) = preSolution
		Debug|Any CPU = Debug|Any CPU
		Release|Any CPU = Release|Any CPU
	EndGlobalSection
	GlobalSection(ProjectConfigurationPlatforms) = postSolution
		{75821706-CDF5-4A51-9031-C30496FC98D8}.Debug|Any CPU.ActiveCfg = Debug|Any CPU
		{75821706-CDF5-4A51-9031-C30496FC98D8}.Debug|Any CPU.Build.0 = Debug|Any CPU
		{75821706-CDF5-4A51-9031-C30496FC98D8}.Release|Any CPU.ActiveCfg = Release|Any CPU
		{75821706-CDF5-4A51-9031-C30496FC98D8}.Release|Any CPU.Build.0 = Release|Any CPU
	EndGlobalSection
	GlobalSection(SolutionProperties) = preSolution
		HideSolutionNode = FALSE
	EndGlobalSection
	GlobalSection(ExtensibilityGlobals) = postSolution
		SolutionGuid = {8A83440B-8048-4BA8-AA24-D2DF8B18B930}
	EndGlobalSection
EndGlobal
